
Microsoft Visual Studio Solution File, Format Version 12.00
# Visual Studio Version 16
VisualStudioVersion = 16.0.31911.196
MinimumVisualStudioVersion = 10.0.40219.1
Project("{FAE04EC0-301F-11D3-BF4B-00C04F79EFBC}") = "Decsoftemigrant", "Decsoftemigrant.csproj", "{6CA8A68D-308C-4C3F-BFEC-A9FED20A735C}"
EndProject
Global
	GlobalSection(SolutionConfigurationPlatforms) = preSolution
		Debug|Any CPU = Debug|Any CPU
		Release|Any CPU = Release|Any CPU
	EndGlobalSection
	GlobalSection(ProjectConfigurationPlatforms) = postSolution
		{6CA8A68D-308C-4C3F-BFEC-A9FED20A735C}.Debug|Any CPU.ActiveCfg = Debug|Any CPU
		{6CA8A68D-308C-4C3F-BFEC-A9FED20A735C}.Debug|Any CPU.Build.0 = Debug|Any CPU
		{6CA8A68D-308C-4C3F-BFEC-A9FED20A735C}.Release|Any CPU.ActiveCfg = Release|Any CPU
		{6CA8A68D-308C-4C3F-BFEC-A9FED20A735C}.Release|Any CPU.Build.0 = Release|Any CPU
	EndGlobalSection
	GlobalSection(SolutionProperties) = preSolution
		HideSolutionNode = FALSE
	EndGlobalSection
	GlobalSection(ExtensibilityGlobals) = postSolution
		SolutionGuid = {E1FB277B-A34D-4FB7-8E6D-D30C4EA114DD}
	EndGlobalSection
EndGlobal
